
Microsoft Visual Studio Solution File, Format Version 12.00
# Visual Studio 15
Project("{FAE04EC0-301F-11D3-BF4B-00C04F79EFBC}") = "Assembly-CSharp", "Assembly-CSharp.csproj", "{DB582B44-C539-570C-4F85-4D0FC6D63409}"
EndProject
Global
	GlobalSection(SolutionConfigurationPlatforms) = preSolution
		Debug|Any CPU = Debug|Any CPU
		Release|Any CPU = Release|Any CPU
	EndGlobalSection
	GlobalSection(ProjectConfigurationPlatforms) = postSolution
		{DB582B44-C539-570C-4F85-4D0FC6D63409}.Debug|Any CPU.ActiveCfg = Debug|Any CPU
		{DB582B44-C539-570C-4F85-4D0FC6D63409}.Debug|Any CPU.Build.0 = Debug|Any CPU
		{DB582B44-C539-570C-4F85-4D0FC6D63409}.Release|Any CPU.ActiveCfg = Release|Any CPU
		{DB582B44-C539-570C-4F85-4D0FC6D63409}.Release|Any CPU.Build.0 = Release|Any CPU
	EndGlobalSection
	GlobalSection(SolutionProperties) = preSolution
		HideSolutionNode = FALSE
	EndGlobalSection
EndGlobal
